
Microsoft Visual Studio Solution File, Format Version 12.00
# Visual Studio 2012
Project("{FAE04EC0-301F-11D3-BF4B-00C04F79EFBC}") = "Dice Thrower", "Dice Thrower.csproj", "{965FD54E-7F31-45CB-BB95-A88AAEE99891}"
EndProject
Global
	GlobalSection(SolutionConfigurationPlatforms) = preSolution
		Debug|Any CPU = Debug|Any CPU
		Release|Any CPU = Release|Any CPU
	EndGlobalSection
	GlobalSection(ProjectConfigurationPlatforms) = postSolution
		{965FD54E-7F31-45CB-BB95-A88AAEE99891}.Debug|Any CPU.ActiveCfg = Debug|Any CPU
		{965FD54E-7F31-45CB-BB95-A88AAEE99891}.Debug|Any CPU.Build.0 = Debug|Any CPU
		{965FD54E-7F31-45CB-BB95-A88AAEE99891}.Release|Any CPU.ActiveCfg = Release|Any CPU
		{965FD54E-7F31-45CB-BB95-A88AAEE99891}.Release|Any CPU.Build.0 = Release|Any CPU
	EndGlobalSection
	GlobalSection(SolutionProperties) = preSolution
		HideSolutionNode = FALSE
	EndGlobalSection
EndGlobal
